// !$*UTF8*$!
{
	archiveVersion = 1;
	classes = {
	};
	objectVersion = 46;
	objects = {

/* Begin PBXBuildFile section */
		FD1E801C18CEEC1E00244E9F /* Foundation.framework in Frameworks */ = {isa = PBXBuildFile; fileRef = FD1E801B18CEEC1E00244E9F /* Foundation.framework */; };
		FD1E802118CEEC1E00244E9F /* SnapzChatLib.h in CopyFiles */ = {isa = PBXBuildFile; fileRef = FD1E802018CEEC1E00244E9F /* SnapzChatLib.h */; };
		FD1E802318CEEC1E00244E9F /* SnapzChatLib.mm in Sources */ = {isa = PBXBuildFile; fileRef = FD1E802218CEEC1E00244E9F /* SnapzChatLib.mm */; };
		FD1E802A18CEEC1E00244E9F /* XCTest.framework in Frameworks */ = {isa = PBXBuildFile; fileRef = FD1E802918CEEC1E00244E9F /* XCTest.framework */; };
		FD1E802B18CEEC1E00244E9F /* Foundation.framework in Frameworks */ = {isa = PBXBuildFile; fileRef = FD1E801B18CEEC1E00244E9F /* Foundation.framework */; };
		FD1E802D18CEEC1E00244E9F /* UIKit.framework in Frameworks */ = {isa = PBXBuildFile; fileRef = FD1E802C18CEEC1E00244E9F /* UIKit.framework */; };
		FD1E803018CEEC1E00244E9F /* libSnapzChatLib.a in Frameworks */ = {isa = PBXBuildFile; fileRef = FD1E801818CEEC1E00244E9F /* libSnapzChatLib.a */; };
		FD1E803618CEEC1E00244E9F /* InfoPlist.strings in Resources */ = {isa = PBXBuildFile; fileRef = FD1E803418CEEC1E00244E9F /* InfoPlist.strings */; };
		FD1E803818CEEC1E00244E9F /* SnapzChatLibTests.m in Sources */ = {isa = PBXBuildFile; fileRef = FD1E803718CEEC1E00244E9F /* SnapzChatLibTests.m */; };
		FD1E804518CEEEE300244E9F /* libcrypto.a in Frameworks */ = {isa = PBXBuildFile; fileRef = FD1E804218CEEEE300244E9F /* libcrypto.a */; };
		FD1E804618CEEEE300244E9F /* libgloox.a in Frameworks */ = {isa = PBXBuildFile; fileRef = FD1E804318CEEEE300244E9F /* libgloox.a */; };
		FD1E804718CEEEE300244E9F /* libssl.a in Frameworks */ = {isa = PBXBuildFile; fileRef = FD1E804418CEEEE300244E9F /* libssl.a */; };
		FD1E804C18CEEF0F00244E9F /* XMPPClient.cpp in Sources */ = {isa = PBXBuildFile; fileRef = FD1E804818CEEF0F00244E9F /* XMPPClient.cpp */; };
		FD1E805318CEF20800244E9F /* AppClient.mm in Sources */ = {isa = PBXBuildFile; fileRef = FD1E805218CEF20800244E9F /* AppClient.mm */; };
		FD29A9DB18D9916000AA93D6 /* libz.dylib in Frameworks */ = {isa = PBXBuildFile; fileRef = FD29A9DA18D9916000AA93D6 /* libz.dylib */; };
		FD29A9DD18D9916B00AA93D6 /* libresolv.dylib in Frameworks */ = {isa = PBXBuildFile; fileRef = FD29A9DC18D9916B00AA93D6 /* libresolv.dylib */; };
/* End PBXBuildFile section */

/* Begin PBXContainerItemProxy section */
		FD1E802E18CEEC1E00244E9F /* PBXContainerItemProxy */ = {
			isa = PBXContainerItemProxy;
			containerPortal = FD1E801018CEEC1E00244E9F /* Project object */;
			proxyType = 1;
			remoteGlobalIDString = FD1E801718CEEC1E00244E9F;
			remoteInfo = SnapzChatLib;
		};
/* End PBXContainerItemProxy section */

/* Begin PBXCopyFilesBuildPhase section */
		FD1E801618CEEC1E00244E9F /* CopyFiles */ = {
			isa = PBXCopyFilesBuildPhase;
			buildActionMask = 2147483647;
			dstPath = "include/$(PRODUCT_NAME)";
			dstSubfolderSpec = 16;
			files = (
				FD1E802118CEEC1E00244E9F /* SnapzChatLib.h in CopyFiles */,
			);
			runOnlyForDeploymentPostprocessing = 0;
		};
/* End PBXCopyFilesBuildPhase section */

/* Begin PBXFileReference section */
		FD1E801818CEEC1E00244E9F /* libSnapzChatLib.a */ = {isa = PBXFileReference; explicitFileType = archive.ar; includeInIndex = 0; path = libSnapzChatLib.a; sourceTree = BUILT_PRODUCTS_DIR; };
		FD1E801B18CEEC1E00244E9F /* Foundation.framework */ = {isa = PBXFileReference; lastKnownFileType = wrapper.framework; name = Foundation.framework; path = System/Library/Frameworks/Foundation.framework; sourceTree = SDKROOT; };
		FD1E801F18CEEC1E00244E9F /* SnapzChatLib-Prefix.pch */ = {isa = PBXFileReference; lastKnownFileType = sourcecode.c.h; path = "SnapzChatLib-Prefix.pch"; sourceTree = "<group>"; };
		FD1E802018CEEC1E00244E9F /* SnapzChatLib.h */ = {isa = PBXFileReference; lastKnownFileType = sourcecode.c.h; path = SnapzChatLib.h; sourceTree = "<group>"; };
		FD1E802218CEEC1E00244E9F /* SnapzChatLib.mm */ = {isa = PBXFileReference; lastKnownFileType = sourcecode.cpp.objcpp; path = SnapzChatLib.mm; sourceTree = "<group>"; };
		FD1E802818CEEC1E00244E9F /* SnapzChatLibTests.xctest */ = {isa = PBXFileReference; explicitFileType = wrapper.cfbundle; includeInIndex = 0; path = SnapzChatLibTests.xctest; sourceTree = BUILT_PRODUCTS_DIR; };
		FD1E802918CEEC1E00244E9F /* XCTest.framework */ = {isa = PBXFileReference; lastKnownFileType = wrapper.framework; name = XCTest.framework; path = Library/Frameworks/XCTest.framework; sourceTree = DEVELOPER_DIR; };
		FD1E802C18CEEC1E00244E9F /* UIKit.framework */ = {isa = PBXFileReference; lastKnownFileType = wrapper.framework; name = UIKit.framework; path = Library/Frameworks/UIKit.framework; sourceTree = DEVELOPER_DIR; };
		FD1E803318CEEC1E00244E9F /* SnapzChatLibTests-Info.plist */ = {isa = PBXFileReference; lastKnownFileType = text.plist.xml; path = "SnapzChatLibTests-Info.plist"; sourceTree = "<group>"; };
		FD1E803518CEEC1E00244E9F /* en */ = {isa = PBXFileReference; lastKnownFileType = text.plist.strings; name = en; path = en.lproj/InfoPlist.strings; sourceTree = "<group>"; };
		FD1E803718CEEC1E00244E9F /* SnapzChatLibTests.m */ = {isa = PBXFileReference; lastKnownFileType = sourcecode.c.objc; path = SnapzChatLibTests.m; sourceTree = "<group>"; };
		FD1E804218CEEEE300244E9F /* libcrypto.a */ = {isa = PBXFileReference; lastKnownFileType = archive.ar; name = libcrypto.a; path = SnapzChatLib/XMPPClient/lib/libcrypto.a; sourceTree = "<group>"; };
		FD1E804318CEEEE300244E9F /* libgloox.a */ = {isa = PBXFileReference; lastKnownFileType = archive.ar; name = libgloox.a; path = SnapzChatLib/XMPPClient/lib/libgloox.a; sourceTree = "<group>"; };
		FD1E804418CEEEE300244E9F /* libssl.a */ = {isa = PBXFileReference; lastKnownFileType = archive.ar; name = libssl.a; path = SnapzChatLib/XMPPClient/lib/libssl.a; sourceTree = "<group>"; };
		FD1E804818CEEF0F00244E9F /* XMPPClient.cpp */ = {isa = PBXFileReference; fileEncoding = 4; lastKnownFileType = sourcecode.cpp.cpp; path = XMPPClient.cpp; sourceTree = "<group>"; };
		FD1E804918CEEF0F00244E9F /* XMPPClient.hpp */ = {isa = PBXFileReference; fileEncoding = 4; lastKnownFileType = sourcecode.cpp.h; path = XMPPClient.hpp; sourceTree = "<group>"; };
		FD1E805118CEF20800244E9F /* AppClient.hpp */ = {isa = PBXFileReference; fileEncoding = 4; lastKnownFileType = sourcecode.cpp.h; path = AppClient.hpp; sourceTree = "<group>"; };
		FD1E805218CEF20800244E9F /* AppClient.mm */ = {isa = PBXFileReference; fileEncoding = 4; lastKnownFileType = sourcecode.cpp.objcpp; path = AppClient.mm; sourceTree = "<group>"; };
		FD29A9D318D985EF00AA93D6 /* libc++.dylib */ = {isa = PBXFileReference; lastKnownFileType = "compiled.mach-o.dylib"; name = "libc++.dylib"; path = "usr/lib/libc++.dylib"; sourceTree = SDKROOT; };
		FD29A9DA18D9916000AA93D6 /* libz.dylib */ = {isa = PBXFileReference; lastKnownFileType = "compiled.mach-o.dylib"; name = libz.dylib; path = usr/lib/libz.dylib; sourceTree = SDKROOT; };
		FD29A9DC18D9916B00AA93D6 /* libresolv.dylib */ = {isa = PBXFileReference; lastKnownFileType = "compiled.mach-o.dylib"; name = libresolv.dylib; path = usr/lib/libresolv.dylib; sourceTree = SDKROOT; };
/* End PBXFileReference section */

/* Begin PBXFrameworksBuildPhase section */
		FD1E801518CEEC1E00244E9F /* Frameworks */ = {
			isa = PBXFrameworksBuildPhase;
			buildActionMask = 2147483647;
			files = (
				FD29A9DD18D9916B00AA93D6 /* libresolv.dylib in Frameworks */,
				FD29A9DB18D9916000AA93D6 /* libz.dylib in Frameworks */,
				FD1E804718CEEEE300244E9F /* libssl.a in Frameworks */,
				FD1E804618CEEEE300244E9F /* libgloox.a in Frameworks */,
				FD1E804518CEEEE300244E9F /* libcrypto.a in Frameworks */,
				FD1E801C18CEEC1E00244E9F /* Foundation.framework in Frameworks */,
			);
			runOnlyForDeploymentPostprocessing = 0;
		};
		FD1E802518CEEC1E00244E9F /* Frameworks */ = {
			isa = PBXFrameworksBuildPhase;
			buildActionMask = 2147483647;
			files = (
				FD1E802A18CEEC1E00244E9F /* XCTest.framework in Frameworks */,
				FD1E802D18CEEC1E00244E9F /* UIKit.framework in Frameworks */,
				FD1E803018CEEC1E00244E9F /* libSnapzChatLib.a in Frameworks */,
				FD1E802B18CEEC1E00244E9F /* Foundation.framework in Frameworks */,
			);
			runOnlyForDeploymentPostprocessing = 0;
		};
/* End PBXFrameworksBuildPhase section */

/* Begin PBXGroup section */
		FD1E800F18CEEC1E00244E9F = {
			isa = PBXGroup;
			children = (
				FD1E804118CEEEAB00244E9F /* XmppClient */,
				FD1E801D18CEEC1E00244E9F /* SnapzChatLib */,
				FD1E803118CEEC1E00244E9F /* SnapzChatLibTests */,
				FD1E801A18CEEC1E00244E9F /* Frameworks */,
				FD1E801918CEEC1E00244E9F /* Products */,
			);
			sourceTree = "<group>";
		};
		FD1E801918CEEC1E00244E9F /* Products */ = {
			isa = PBXGroup;
			children = (
				FD1E801818CEEC1E00244E9F /* libSnapzChatLib.a */,
				FD1E802818CEEC1E00244E9F /* SnapzChatLibTests.xctest */,
			);
			name = Products;
			sourceTree = "<group>";
		};
		FD1E801A18CEEC1E00244E9F /* Frameworks */ = {
			isa = PBXGroup;
			children = (
				FD29A9DC18D9916B00AA93D6 /* libresolv.dylib */,
				FD29A9DA18D9916000AA93D6 /* libz.dylib */,
				FD29A9D318D985EF00AA93D6 /* libc++.dylib */,
				FD1E801B18CEEC1E00244E9F /* Foundation.framework */,
				FD1E802918CEEC1E00244E9F /* XCTest.framework */,
				FD1E802C18CEEC1E00244E9F /* UIKit.framework */,
			);
			name = Frameworks;
			sourceTree = "<group>";
		};
		FD1E801D18CEEC1E00244E9F /* SnapzChatLib */ = {
			isa = PBXGroup;
			children = (
				FD1E805218CEF20800244E9F /* AppClient.mm */,
				FD1E805118CEF20800244E9F /* AppClient.hpp */,
				FD1E804818CEEF0F00244E9F /* XMPPClient.cpp */,
				FD1E804918CEEF0F00244E9F /* XMPPClient.hpp */,
				FD1E802018CEEC1E00244E9F /* SnapzChatLib.h */,
				FD1E802218CEEC1E00244E9F /* SnapzChatLib.mm */,
				FD1E801E18CEEC1E00244E9F /* Supporting Files */,
			);
			path = SnapzChatLib;
			sourceTree = "<group>";
		};
		FD1E801E18CEEC1E00244E9F /* Supporting Files */ = {
			isa = PBXGroup;
			children = (
				FD1E801F18CEEC1E00244E9F /* SnapzChatLib-Prefix.pch */,
			);
			name = "Supporting Files";
			sourceTree = "<group>";
		};
		FD1E803118CEEC1E00244E9F /* SnapzChatLibTests */ = {
			isa = PBXGroup;
			children = (
				FD1E803718CEEC1E00244E9F /* SnapzChatLibTests.m */,
				FD1E803218CEEC1E00244E9F /* Supporting Files */,
			);
			path = SnapzChatLibTests;
			sourceTree = "<group>";
		};
		FD1E803218CEEC1E00244E9F /* Supporting Files */ = {
			isa = PBXGroup;
			children = (
				FD1E803318CEEC1E00244E9F /* SnapzChatLibTests-Info.plist */,
				FD1E803418CEEC1E00244E9F /* InfoPlist.strings */,
			);
			name = "Supporting Files";
			sourceTree = "<group>";
		};
		FD1E804118CEEEAB00244E9F /* XmppClient */ = {
			isa = PBXGroup;
			children = (
				FD1E804218CEEEE300244E9F /* libcrypto.a */,
				FD1E804318CEEEE300244E9F /* libgloox.a */,
				FD1E804418CEEEE300244E9F /* libssl.a */,
			);
			name = XmppClient;
			sourceTree = "<group>";
		};
/* End PBXGroup section */

/* Begin PBXNativeTarget section */
		FD1E801718CEEC1E00244E9F /* SnapzChatLib */ = {
			isa = PBXNativeTarget;
			buildConfigurationList = FD1E803B18CEEC1E00244E9F /* Build configuration list for PBXNativeTarget "SnapzChatLib" */;
			buildPhases = (
				FD1E801418CEEC1E00244E9F /* Sources */,
				FD1E801518CEEC1E00244E9F /* Frameworks */,
				FD1E801618CEEC1E00244E9F /* CopyFiles */,
				FD00FCFC18D6BA0B00858A50 /* ShellScript */,
			);
			buildRules = (
			);
			dependencies = (
			);
			name = SnapzChatLib;
			productName = SnapzChatLib;
			productReference = FD1E801818CEEC1E00244E9F /* libSnapzChatLib.a */;
			productType = "com.apple.product-type.library.static";
		};
		FD1E802718CEEC1E00244E9F /* SnapzChatLibTests */ = {
			isa = PBXNativeTarget;
			buildConfigurationList = FD1E803E18CEEC1E00244E9F /* Build configuration list for PBXNativeTarget "SnapzChatLibTests" */;
			buildPhases = (
				FD1E802418CEEC1E00244E9F /* Sources */,
				FD1E802518CEEC1E00244E9F /* Frameworks */,
				FD1E802618CEEC1E00244E9F /* Resources */,
			);
			buildRules = (
			);
			dependencies = (
				FD1E802F18CEEC1E00244E9F /* PBXTargetDependency */,
			);
			name = SnapzChatLibTests;
			productName = SnapzChatLibTests;
			productReference = FD1E802818CEEC1E00244E9F /* SnapzChatLibTests.xctest */;
			productType = "com.apple.product-type.bundle.unit-test";
		};
/* End PBXNativeTarget section */

/* Begin PBXProject section */
		FD1E801018CEEC1E00244E9F /* Project object */ = {
			isa = PBXProject;
			attributes = {
				LastUpgradeCheck = 0500;
				ORGANIZATIONNAME = "Suwit Arnmanee";
			};
			buildConfigurationList = FD1E801318CEEC1E00244E9F /* Build configuration list for PBXProject "SnapzChatLib" */;
			compatibilityVersion = "Xcode 3.2";
			developmentRegion = English;
			hasScannedForEncodings = 0;
			knownRegions = (
				en,
			);
			mainGroup = FD1E800F18CEEC1E00244E9F;
			productRefGroup = FD1E801918CEEC1E00244E9F /* Products */;
			projectDirPath = "";
			projectRoot = "";
			targets = (
				FD1E801718CEEC1E00244E9F /* SnapzChatLib */,
				FD1E802718CEEC1E00244E9F /* SnapzChatLibTests */,
			);
		};
/* End PBXProject section */

/* Begin PBXResourcesBuildPhase section */
		FD1E802618CEEC1E00244E9F /* Resources */ = {
			isa = PBXResourcesBuildPhase;
			buildActionMask = 2147483647;
			files = (
				FD1E803618CEEC1E00244E9F /* InfoPlist.strings in Resources */,
			);
			runOnlyForDeploymentPostprocessing = 0;
		};
/* End PBXResourcesBuildPhase section */

/* Begin PBXShellScriptBuildPhase section */
		FD00FCFC18D6BA0B00858A50 /* ShellScript */ = {
			isa = PBXShellScriptBuildPhase;
			buildActionMask = 2147483647;
			files = (
			);
			inputPaths = (
			);
			outputPaths = (
			);
			runOnlyForDeploymentPostprocessing = 0;
			shellPath = /bin/sh;
			shellScript = "#\n# c.f. StackOverflow question/answer here: http://stackoverflow.com/questions/3520977/build-fat-static-library-device-simulator-using-xcode-and-sdk-4\n#\n# Version 2.5\n#\n# Latest Change:\n# - The \"copy headers\" section now respects the build setting for the location of the public headers\n#\n# Purpose:\n#   Create a static library for iPhone from within XCode\n#   Because Apple staff DELIBERATELY broke Xcode to make this impossible from the GUI (Xcode 3.2.3 specifically states this in the Release notes!)\n#   ...no, I don't understand why they did this!\n#\n# Author: Adam Martin - http://twitter.com/redglassesapps\n# Based on: original script from Eonil (main changes: Eonil's script WILL NOT WORK in Xcode GUI - it WILL CRASH YOUR COMPUTER)\n#\n\nset -e\nset -o pipefail\n\n#################[ Tests: helps workaround any future bugs in Xcode ]########\n#\nDEBUG_THIS_SCRIPT=\"false\"\n\nif [ $DEBUG_THIS_SCRIPT = \"true\" ]\nthen\necho \"########### TESTS #############\"\necho \"Use the following variables when debugging this script; note that they may change on recursions\"\necho \"BUILD_DIR = $BUILD_DIR\"\necho \"BUILD_ROOT = $BUILD_ROOT\"\necho \"CONFIGURATION_BUILD_DIR = $CONFIGURATION_BUILD_DIR\"\necho \"BUILT_PRODUCTS_DIR = $BUILT_PRODUCTS_DIR\"\necho \"CONFIGURATION_TEMP_DIR = $CONFIGURATION_TEMP_DIR\"\necho \"TARGET_BUILD_DIR = $TARGET_BUILD_DIR\"\nfi\n\n#####################[ part 1 ]##################\n# First, work out the BASESDK version number (NB: Apple ought to report this, but they hide it)\n#    (incidental: searching for substrings in sh is a nightmare! Sob)\n\nSDK_VERSION=$(echo ${SDK_NAME} | grep -o '.\\{3\\}$')\n\n# Next, work out if we're in SIM or DEVICE\n\nif [ ${PLATFORM_NAME} = \"iphonesimulator\" ]\nthen\nOTHER_SDK_TO_BUILD=iphoneos${SDK_VERSION}\n\nelse\nOTHER_SDK_TO_BUILD=iphonesimulator${SDK_VERSION}\nfi\n\necho \"XCode has selected SDK: ${PLATFORM_NAME} with version: ${SDK_VERSION} (although back-targetting: ${IPHONEOS_DEPLOYMENT_TARGET})\"\necho \"...therefore, OTHER_SDK_TO_BUILD = ${OTHER_SDK_TO_BUILD}\"\n#\n#####################[ end of part 1 ]##################\n\n#####################[ part 2 ]##################\n#\n# IF this is the original invocation, invoke WHATEVER other builds are required\n#\n# Xcode is already building ONE target...\n#\n# ...but this is a LIBRARY, so Apple is wrong to set it to build just one.\n# ...we need to build ALL targets\n# ...we MUST NOT re-build the target that is ALREADY being built: Xcode WILL CRASH YOUR COMPUTER if you try this (infinite recursion!)\n#\n#\n# So: build ONLY the missing platforms/configurations.\n\nif [ \"true\" == ${ALREADYINVOKED:-false} ]\nthen\necho \"RECURSION: I am NOT the root invocation, so I'm NOT going to recurse\"\nelse\n# CRITICAL:\n# Prevent infinite recursion (Xcode sucks)\nexport ALREADYINVOKED=\"true\"\n\necho \"RECURSION: I am the root ... recursing all missing build targets NOW...\"\necho \"RECURSION: ...about to invoke: xcodebuild -configuration \\\"${CONFIGURATION}\\\" -project \\\"${PROJECT_NAME}.xcodeproj\\\" -target \\\"${TARGET_NAME}\\\" -sdk \\\"${OTHER_SDK_TO_BUILD}\\\" ${ACTION} RUN_CLANG_STATIC_ANALYZER=NO\" BUILD_DIR=\\\"${BUILD_DIR}\\\" BUILD_ROOT=\\\"${BUILD_ROOT}\\\" SYMROOT=\\\"${SYMROOT}\\\"\n\nxcodebuild -configuration \"${CONFIGURATION}\" -project \"${PROJECT_NAME}.xcodeproj\" -target \"${TARGET_NAME}\" -sdk \"${OTHER_SDK_TO_BUILD}\" ${ACTION} RUN_CLANG_STATIC_ANALYZER=NO BUILD_DIR=\"${BUILD_DIR}\" BUILD_ROOT=\"${BUILD_ROOT}\" SYMROOT=\"${SYMROOT}\"\n\nACTION=\"build\"\n\n\n#Merge all platform binaries as a fat binary for each configurations.\n\n# Calculate where the (multiple) built files are coming from:\nCURRENTCONFIG_DEVICE_DIR=${SYMROOT}/${CONFIGURATION}-iphoneos\nCURRENTCONFIG_SIMULATOR_DIR=${SYMROOT}/${CONFIGURATION}-iphonesimulator\n\necho \"Taking device build from: ${CURRENTCONFIG_DEVICE_DIR}\"\necho \"Taking simulator build from: ${CURRENTCONFIG_SIMULATOR_DIR}\"\n\nCREATING_UNIVERSAL_DIR=${SYMROOT}/${CONFIGURATION}-universal\necho \"...I will output a universal build to: ${CREATING_UNIVERSAL_DIR}\"\n\n# ... remove the products of previous runs of this script\n#      NB: this directory is ONLY created by this script - it should be safe to delete!\n\n##### OLD\nrm -rf \"${CREATING_UNIVERSAL_DIR}\"\nmkdir \"${CREATING_UNIVERSAL_DIR}\"\n\n##### NEW\nrm -f \"${CREATING_UNIVERSAL_DIR}/${EXECUTABLE_NAME}\"\nmkdir -p \"${CREATING_UNIVERSAL_DIR}\"\nmkdir -p \"${CREATING_UNIVERSAL_DIR}/include\"\n\n#\necho \"lipo: for current configuration (${CONFIGURATION}) creating output file: ${CREATING_UNIVERSAL_DIR}/${EXECUTABLE_NAME}\"\nlipo -create -output \"${CREATING_UNIVERSAL_DIR}/${EXECUTABLE_NAME}\" \"${CURRENTCONFIG_DEVICE_DIR}/${EXECUTABLE_NAME}\" \"${CURRENTCONFIG_SIMULATOR_DIR}/${EXECUTABLE_NAME}\"\n\n#########\n#\n# Added: StackOverflow suggestion to also copy \"include\" files\n#    (untested, but should work OK)\n#\n#########\n#\n# Added: StackOverflow suggestion to also copy \"include\" files\n# (untested, but should work OK)\n#\necho \"Fetching headers from ${PUBLIC_HEADERS_FOLDER_PATH}\"\necho \" (if you embed your library project in another project, you will need to add\"\necho \" a \\\"User Search Headers\\\" build setting of: (NB INCLUDE THE DOUBLE QUOTES BELOW!)\"\necho \" $(TARGET_BUILD_DIR)/usr/local/include/ \"\n\necho \"SRC INCLUDE ===> ${CURRENTCONFIG_DEVICE_DIR}${PUBLIC_HEADERS_FOLDER_PATH}\"\necho \"DST INCLUDE ===> ${CREATING_UNIVERSAL_DIR}${PUBLIC_HEADERS_FOLDER_PATH}\"\ncp -r \"${CURRENTCONFIG_DEVICE_DIR}/include/\"* \"${CREATING_UNIVERSAL_DIR}/include\"\n\n\nif [ -d \"${CURRENTCONFIG_DEVICE_DIR}${PUBLIC_HEADERS_FOLDER_PATH}\" ]\nthen\nmkdir -p \"${CREATING_UNIVERSAL_DIR}${PUBLIC_HEADERS_FOLDER_PATH}\"\n# * needs to be outside the double quotes?\n##cp -r \"${CURRENTCONFIG_DEVICE_DIR}${PUBLIC_HEADERS_FOLDER_PATH}\"* \"${CREATING_UNIVERSAL_DIR}${PUBLIC_HEADERS_FOLDER_PATH}\"\n\nfi\nfi\n\n\n\n### ==> open \"${CREATING_UNIVERSAL_DIR}\"\n\n#xcrun -sdk iphoneos lipo \"${CREATING_UNIVERSAL_DIR}/${EXECUTABLE_NAME}\" -info\n#xcrun -sdk iphoneos lipo \"${CURRENTCONFIG_DEVICE_DIR}/${EXECUTABLE_NAME}\" -info\n#xcrun -sdk iphoneos lipo \"${CURRENTCONFIG_SIMULATOR_DIR}/${EXECUTABLE_NAME}\" -info\n";
		};
/* End PBXShellScriptBuildPhase section */

/* Begin PBXSourcesBuildPhase section */
		FD1E801418CEEC1E00244E9F /* Sources */ = {
			isa = PBXSourcesBuildPhase;
			buildActionMask = 2147483647;
			files = (
				FD1E805318CEF20800244E9F /* AppClient.mm in Sources */,
				FD1E802318CEEC1E00244E9F /* SnapzChatLib.mm in Sources */,
				FD1E804C18CEEF0F00244E9F /* XMPPClient.cpp in Sources */,
			);
			runOnlyForDeploymentPostprocessing = 0;
		};
		FD1E802418CEEC1E00244E9F /* Sources */ = {
			isa = PBXSourcesBuildPhase;
			buildActionMask = 2147483647;
			files = (
				FD1E803818CEEC1E00244E9F /* SnapzChatLibTests.m in Sources */,
			);
			runOnlyForDeploymentPostprocessing = 0;
		};
/* End PBXSourcesBuildPhase section */

/* Begin PBXTargetDependency section */
		FD1E802F18CEEC1E00244E9F /* PBXTargetDependency */ = {
			isa = PBXTargetDependency;
			target = FD1E801718CEEC1E00244E9F /* SnapzChatLib */;
			targetProxy = FD1E802E18CEEC1E00244E9F /* PBXContainerItemProxy */;
		};
/* End PBXTargetDependency section */

/* Begin PBXVariantGroup section */
		FD1E803418CEEC1E00244E9F /* InfoPlist.strings */ = {
			isa = PBXVariantGroup;
			children = (
				FD1E803518CEEC1E00244E9F /* en */,
			);
			name = InfoPlist.strings;
			sourceTree = "<group>";
		};
/* End PBXVariantGroup section */

/* Begin XCBuildConfiguration section */
		FD1E803918CEEC1E00244E9F /* Debug */ = {
			isa = XCBuildConfiguration;
			buildSettings = {
				ALWAYS_SEARCH_USER_PATHS = NO;
				ARCHS = "$(ARCHS_STANDARD_INCLUDING_64_BIT)";
				CLANG_CXX_LANGUAGE_STANDARD = "gnu++0x";
				CLANG_CXX_LIBRARY = "libc++";
				CLANG_ENABLE_MODULES = YES;
				CLANG_ENABLE_OBJC_ARC = YES;
				CLANG_WARN_BOOL_CONVERSION = YES;
				CLANG_WARN_CONSTANT_CONVERSION = YES;
				CLANG_WARN_DIRECT_OBJC_ISA_USAGE = YES_ERROR;
				CLANG_WARN_EMPTY_BODY = YES;
				CLANG_WARN_ENUM_CONVERSION = YES;
				CLANG_WARN_INT_CONVERSION = YES;
				CLANG_WARN_OBJC_ROOT_CLASS = YES_ERROR;
				CLANG_WARN__DUPLICATE_METHOD_MATCH = YES;
				COPY_PHASE_STRIP = NO;
				GCC_C_LANGUAGE_STANDARD = gnu99;
				GCC_DYNAMIC_NO_PIC = NO;
				GCC_OPTIMIZATION_LEVEL = 0;
				GCC_PRECOMPILE_PREFIX_HEADER = YES;
				GCC_PREFIX_HEADER = "SnapzChatLib/SnapzChatLib-Prefix.pch";
				GCC_PREPROCESSOR_DEFINITIONS = (
					"DEBUG=1",
					"$(inherited)",
					"_DEBUG=1",
				);
				GCC_SYMBOLS_PRIVATE_EXTERN = NO;
				GCC_WARN_64_TO_32_BIT_CONVERSION = YES;
				GCC_WARN_ABOUT_RETURN_TYPE = YES_ERROR;
				GCC_WARN_UNDECLARED_SELECTOR = YES;
				GCC_WARN_UNINITIALIZED_AUTOS = YES;
				GCC_WARN_UNUSED_FUNCTION = YES;
				GCC_WARN_UNUSED_VARIABLE = YES;
				IPHONEOS_DEPLOYMENT_TARGET = 7.0;
				MACH_O_TYPE = staticlib;
				ONLY_ACTIVE_ARCH = YES;
				OTHER_LDFLAGS = "";
				SDKROOT = iphoneos;
			};
			name = Debug;
		};
		FD1E803A18CEEC1E00244E9F /* Release */ = {
			isa = XCBuildConfiguration;
			buildSettings = {
				ALWAYS_SEARCH_USER_PATHS = NO;
				ARCHS = "$(ARCHS_STANDARD_INCLUDING_64_BIT)";
				CLANG_CXX_LANGUAGE_STANDARD = "gnu++0x";
				CLANG_CXX_LIBRARY = "libc++";
				CLANG_ENABLE_MODULES = YES;
				CLANG_ENABLE_OBJC_ARC = YES;
				CLANG_WARN_BOOL_CONVERSION = YES;
				CLANG_WARN_CONSTANT_CONVERSION = YES;
				CLANG_WARN_DIRECT_OBJC_ISA_USAGE = YES_ERROR;
				CLANG_WARN_EMPTY_BODY = YES;
				CLANG_WARN_ENUM_CONVERSION = YES;
				CLANG_WARN_INT_CONVERSION = YES;
				CLANG_WARN_OBJC_ROOT_CLASS = YES_ERROR;
				CLANG_WARN__DUPLICATE_METHOD_MATCH = YES;
				COPY_PHASE_STRIP = YES;
				ENABLE_NS_ASSERTIONS = NO;
				GCC_C_LANGUAGE_STANDARD = gnu99;
				GCC_PRECOMPILE_PREFIX_HEADER = YES;
				GCC_PREFIX_HEADER = "SnapzChatLib/SnapzChatLib-Prefix.pch";
				GCC_WARN_64_TO_32_BIT_CONVERSION = YES;
				GCC_WARN_ABOUT_RETURN_TYPE = YES_ERROR;
				GCC_WARN_UNDECLARED_SELECTOR = YES;
				GCC_WARN_UNINITIALIZED_AUTOS = YES;
				GCC_WARN_UNUSED_FUNCTION = YES;
				GCC_WARN_UNUSED_VARIABLE = YES;
				IPHONEOS_DEPLOYMENT_TARGET = 7.0;
				MACH_O_TYPE = staticlib;
				OTHER_LDFLAGS = "";
				SDKROOT = iphoneos;
				VALIDATE_PRODUCT = YES;
			};
			name = Release;
		};
		FD1E803C18CEEC1E00244E9F /* Debug */ = {
			isa = XCBuildConfiguration;
			buildSettings = {
				CLANG_CXX_LIBRARY = "compiler-default";
				CODE_SIGN_IDENTITY = "iPhone Developer: Tanakrit Naralai (FFYKAD3HW8)";
				COPY_PHASE_STRIP = NO;
				DEAD_CODE_STRIPPING = YES;
				DSTROOT = /tmp/SnapzChatLib.dst;
				GCC_C_LANGUAGE_STANDARD = gnu99;
				GCC_GENERATE_DEBUGGING_SYMBOLS = YES;
				GCC_PRECOMPILE_PREFIX_HEADER = YES;
				GCC_PREFIX_HEADER = "SnapzChatLib/SnapzChatLib-Prefix.pch";
				HEADER_SEARCH_PATHS = (
					"$(SRCROOT)/XMPPClient/include",
					"$(inherited)",
					/Users/suwit/Documents/SUN/Dev/SnapzChatLib/SnapzChatLib/SnapzChatLib/XMPPClient/include,
				);
				LIBRARY_SEARCH_PATHS = (
					"$(inherited)",
					"$(SRCROOT)/SnapzChatLib",
					"$(SRCROOT)/SnapzChatLib/XMPPClient/lib",
					/Users/suwit/Documents/SUN/Dev/SnapzChatLib/SnapzChatLib/SnapzChatLib/XMPPClient/lib,
				);
				LINK_WITH_STANDARD_LIBRARIES = YES;
				MACH_O_TYPE = staticlib;
				ONLY_ACTIVE_ARCH = NO;
				OTHER_LDFLAGS = "-ObjC";
				PRODUCT_NAME = "$(TARGET_NAME)";
				SKIP_INSTALL = YES;
				TARGETED_DEVICE_FAMILY = "1,2";
				WRAPPER_EXTENSION = "";
			};
			name = Debug;
		};
		FD1E803D18CEEC1E00244E9F /* Release */ = {
			isa = XCBuildConfiguration;
			buildSettings = {
				CLANG_CXX_LIBRARY = "compiler-default";
				CODE_SIGN_IDENTITY = "iPhone Developer: Tanakrit Naralai (FFYKAD3HW8)";
				COPY_PHASE_STRIP = NO;
				DEAD_CODE_STRIPPING = YES;
				DSTROOT = /tmp/SnapzChatLib.dst;
				ENABLE_NS_ASSERTIONS = YES;
				GCC_C_LANGUAGE_STANDARD = gnu99;
				GCC_GENERATE_DEBUGGING_SYMBOLS = YES;
				GCC_PRECOMPILE_PREFIX_HEADER = YES;
				GCC_PREFIX_HEADER = "SnapzChatLib/SnapzChatLib-Prefix.pch";
				HEADER_SEARCH_PATHS = (
					"$(SRCROOT)/XMPPClient/include",
					"$(inherited)",
					/Users/suwit/Documents/SUN/Dev/SnapzChatLib/SnapzChatLib/SnapzChatLib/XMPPClient/include,
				);
				LIBRARY_SEARCH_PATHS = (
					"$(inherited)",
					"$(SRCROOT)/SnapzChatLib",
					"$(SRCROOT)/SnapzChatLib/XMPPClient/lib",
					/Users/suwit/Documents/SUN/Dev/SnapzChatLib/SnapzChatLib/SnapzChatLib/XMPPClient/lib,
				);
				LINK_WITH_STANDARD_LIBRARIES = YES;
				MACH_O_TYPE = staticlib;
				OTHER_CFLAGS = "-DNS_BLOCK_ASSERTIONS=1";
				OTHER_LDFLAGS = "-ObjC";
				PRODUCT_NAME = "$(TARGET_NAME)";
				SKIP_INSTALL = YES;
				TARGETED_DEVICE_FAMILY = "1,2";
				WRAPPER_EXTENSION = "";
			};
			name = Release;
		};
		FD1E803F18CEEC1E00244E9F /* Debug */ = {
			isa = XCBuildConfiguration;
			buildSettings = {
				ARCHS = "$(ARCHS_STANDARD_INCLUDING_64_BIT)";
				FRAMEWORK_SEARCH_PATHS = (
					"$(SDKROOT)/Developer/Library/Frameworks",
					"$(inherited)",
					"$(DEVELOPER_FRAMEWORKS_DIR)",
				);
				GCC_PRECOMPILE_PREFIX_HEADER = YES;
				GCC_PREFIX_HEADER = "SnapzChatLib/SnapzChatLib-Prefix.pch";
				GCC_PREPROCESSOR_DEFINITIONS = (
					"DEBUG=1",
					"$(inherited)",
				);
				INFOPLIST_FILE = "SnapzChatLibTests/SnapzChatLibTests-Info.plist";
				PRODUCT_NAME = "$(TARGET_NAME)";
				WRAPPER_EXTENSION = xctest;
			};
			name = Debug;
		};
		FD1E804018CEEC1E00244E9F /* Release */ = {
			isa = XCBuildConfiguration;
			buildSettings = {
				ARCHS = "$(ARCHS_STANDARD_INCLUDING_64_BIT)";
				FRAMEWORK_SEARCH_PATHS = (
					"$(SDKROOT)/Developer/Library/Frameworks",
					"$(inherited)",
					"$(DEVELOPER_FRAMEWORKS_DIR)",
				);
				GCC_PRECOMPILE_PREFIX_HEADER = YES;
				GCC_PREFIX_HEADER = "SnapzChatLib/SnapzChatLib-Prefix.pch";
				INFOPLIST_FILE = "SnapzChatLibTests/SnapzChatLibTests-Info.plist";
				PRODUCT_NAME = "$(TARGET_NAME)";
				WRAPPER_EXTENSION = xctest;
			};
			name = Release;
		};
/* End XCBuildConfiguration section */

/* Begin XCConfigurationList section */
		FD1E801318CEEC1E00244E9F /* Build configuration list for PBXProject "SnapzChatLib" */ = {
			isa = XCConfigurationList;
			buildConfigurations = (
				FD1E803918CEEC1E00244E9F /* Debug */,
				FD1E803A18CEEC1E00244E9F /* Release */,
			);
			defaultConfigurationIsVisible = 0;
			defaultConfigurationName = Release;
		};
		FD1E803B18CEEC1E00244E9F /* Build configuration list for PBXNativeTarget "SnapzChatLib" */ = {
			isa = XCConfigurationList;
			buildConfigurations = (
				FD1E803C18CEEC1E00244E9F /* Debug */,
				FD1E803D18CEEC1E00244E9F /* Release */,
			);
			defaultConfigurationIsVisible = 0;
			defaultConfigurationName = Release;
		};
		FD1E803E18CEEC1E00244E9F /* Build configuration list for PBXNativeTarget "SnapzChatLibTests" */ = {
			isa = XCConfigurationList;
			buildConfigurations = (
				FD1E803F18CEEC1E00244E9F /* Debug */,
				FD1E804018CEEC1E00244E9F /* Release */,
			);
			defaultConfigurationIsVisible = 0;
			defaultConfigurationName = Release;
		};
/* End XCConfigurationList section */
	};
	rootObject = FD1E801018CEEC1E00244E9F /* Project object */;
}
